
Microsoft Visual Studio Solution File, Format Version 12.00
# Visual Studio 15
VisualStudioVersion = 15.0.27703.2035
MinimumVisualStudioVersion = 10.0.40219.1
Project("{FAE04EC0-301F-11D3-BF4B-00C04F79EFBC}") = "TestHWTFS", "TestHWTFS\TestHWTFS.csproj", "{2BF37299-DE9E-4AC5-AE47-87361BDC4A43}"
EndProject
Global
	GlobalSection(SolutionConfigurationPlatforms) = preSolution
		Debug|Any CPU = Debug|Any CPU
		Release|Any CPU = Release|Any CPU
	EndGlobalSection
	GlobalSection(ProjectConfigurationPlatforms) = postSolution
		{2BF37299-DE9E-4AC5-AE47-87361BDC4A43}.Debug|Any CPU.ActiveCfg = Debug|Any CPU
		{2BF37299-DE9E-4AC5-AE47-87361BDC4A43}.Debug|Any CPU.Build.0 = Debug|Any CPU
		{2BF37299-DE9E-4AC5-AE47-87361BDC4A43}.Release|Any CPU.ActiveCfg = Release|Any CPU
		{2BF37299-DE9E-4AC5-AE47-87361BDC4A43}.Release|Any CPU.Build.0 = Release|Any CPU
	EndGlobalSection
	GlobalSection(SolutionProperties) = preSolution
		HideSolutionNode = FALSE
	EndGlobalSection
	GlobalSection(ExtensibilityGlobals) = postSolution
		SolutionGuid = {5E827ACD-2F50-4A47-B63E-CA1D83D89945}
	EndGlobalSection
EndGlobal
